
Microsoft Visual Studio Solution File, Format Version 12.00
# Visual Studio Version 16
VisualStudioVersion = 16.0.29613.14
MinimumVisualStudioVersion = 10.0.40219.1
Project("{9A19103F-16F7-4668-BE54-9A1E7A4F7556}") = "IncidentReportForm", "IncidentReportForm\IncidentReportForm.csproj", "{61D26AC5-341D-4378-96E1-8F77D01ECD97}"
EndProject
Project("{9A19103F-16F7-4668-BE54-9A1E7A4F7556}") = "UnitTests", "UnitTests\UnitTests.csproj", "{AE5B0868-9D48-4476-AAE0-7E110A08880E}"
EndProject
Global
	GlobalSection(SolutionConfigurationPlatforms) = preSolution
		Debug|Any CPU = Debug|Any CPU
		Release|Any CPU = Release|Any CPU
	EndGlobalSection
	GlobalSection(ProjectConfigurationPlatforms) = postSolution
		{61D26AC5-341D-4378-96E1-8F77D01ECD97}.Debug|Any CPU.ActiveCfg = Debug|Any CPU
		{61D26AC5-341D-4378-96E1-8F77D01ECD97}.Debug|Any CPU.Build.0 = Debug|Any CPU
		{61D26AC5-341D-4378-96E1-8F77D01ECD97}.Release|Any CPU.ActiveCfg = Release|Any CPU
		{61D26AC5-341D-4378-96E1-8F77D01ECD97}.Release|Any CPU.Build.0 = Release|Any CPU
		{AE5B0868-9D48-4476-AAE0-7E110A08880E}.Debug|Any CPU.ActiveCfg = Debug|Any CPU
		{AE5B0868-9D48-4476-AAE0-7E110A08880E}.Debug|Any CPU.Build.0 = Debug|Any CPU
		{AE5B0868-9D48-4476-AAE0-7E110A08880E}.Release|Any CPU.ActiveCfg = Release|Any CPU
		{AE5B0868-9D48-4476-AAE0-7E110A08880E}.Release|Any CPU.Build.0 = Release|Any CPU
	EndGlobalSection
	GlobalSection(SolutionProperties) = preSolution
		HideSolutionNode = FALSE
	EndGlobalSection
	GlobalSection(ExtensibilityGlobals) = postSolution
		SolutionGuid = {56569F92-1274-4CCC-BD56-DB9DBDF758A4}
	EndGlobalSection
EndGlobal
